
Microsoft Visual Studio Solution File, Format Version 12.00
# Visual Studio 15
VisualStudioVersion = 15.0.28307.168
MinimumVisualStudioVersion = 10.0.40219.1
Project("{FAE04EC0-301F-11D3-BF4B-00C04F79EFBC}") = "01. Reverse Array", "01. Reverse Array\01. Reverse Array.csproj", "{447ACEE1-30E2-4C49-9525-467290622EC6}"
EndProject
Project("{FAE04EC0-301F-11D3-BF4B-00C04F79EFBC}") = "02. Nested Loops To Recursion", "02. Nested Loops To Recursion\02. Nested Loops To Recursion.csproj", "{1C484002-F0E9-465A-813A-DC93F6F9016F}"
EndProject
Global
	GlobalSection(SolutionConfigurationPlatforms) = preSolution
		Debug|Any CPU = Debug|Any CPU
		Release|Any CPU = Release|Any CPU
	EndGlobalSection
	GlobalSection(ProjectConfigurationPlatforms) = postSolution
		{447ACEE1-30E2-4C49-9525-467290622EC6}.Debug|Any CPU.ActiveCfg = Debug|Any CPU
		{447ACEE1-30E2-4C49-9525-467290622EC6}.Debug|Any CPU.Build.0 = Debug|Any CPU
		{447ACEE1-30E2-4C49-9525-467290622EC6}.Release|Any CPU.ActiveCfg = Release|Any CPU
		{447ACEE1-30E2-4C49-9525-467290622EC6}.Release|Any CPU.Build.0 = Release|Any CPU
		{1C484002-F0E9-465A-813A-DC93F6F9016F}.Debug|Any CPU.ActiveCfg = Debug|Any CPU
		{1C484002-F0E9-465A-813A-DC93F6F9016F}.Debug|Any CPU.Build.0 = Debug|Any CPU
		{1C484002-F0E9-465A-813A-DC93F6F9016F}.Release|Any CPU.ActiveCfg = Release|Any CPU
		{1C484002-F0E9-465A-813A-DC93F6F9016F}.Release|Any CPU.Build.0 = Release|Any CPU
	EndGlobalSection
	GlobalSection(SolutionProperties) = preSolution
		HideSolutionNode = FALSE
	EndGlobalSection
	GlobalSection(ExtensibilityGlobals) = postSolution
		SolutionGuid = {EC3DB6A0-5F4E-4B28-A67E-B9C84D25EF01}
	EndGlobalSection
EndGlobal
